
Microsoft Visual Studio Solution File, Format Version 12.00
# Visual Studio Version 17
VisualStudioVersion = 17.13.35919.96
MinimumVisualStudioVersion = 10.0.40219.1
Project("{FAE04EC0-301F-11D3-BF4B-00C04F79EFBC}") = "MovieProject", "MovieProject.csproj", "{316DFA7E-AE6B-4F0E-8441-09E5267E90DE}"
EndProject
Global
	GlobalSection(SolutionConfigurationPlatforms) = preSolution
		Debug|Any CPU = Debug|Any CPU
		Release|Any CPU = Release|Any CPU
	EndGlobalSection
	GlobalSection(ProjectConfigurationPlatforms) = postSolution
		{316DFA7E-AE6B-4F0E-8441-09E5267E90DE}.Debug|Any CPU.ActiveCfg = Debug|Any CPU
		{316DFA7E-AE6B-4F0E-8441-09E5267E90DE}.Debug|Any CPU.Build.0 = Debug|Any CPU
		{316DFA7E-AE6B-4F0E-8441-09E5267E90DE}.Release|Any CPU.ActiveCfg = Release|Any CPU
		{316DFA7E-AE6B-4F0E-8441-09E5267E90DE}.Release|Any CPU.Build.0 = Release|Any CPU
	EndGlobalSection
	GlobalSection(SolutionProperties) = preSolution
		HideSolutionNode = FALSE
	EndGlobalSection
	GlobalSection(ExtensibilityGlobals) = postSolution
		SolutionGuid = {451C5366-BE2D-4C93-AFC4-13D2F50813D8}
	EndGlobalSection
EndGlobal
